
Microsoft Visual Studio Solution File, Format Version 12.00
# Visual Studio Version 17
VisualStudioVersion = 17.2.32602.215
MinimumVisualStudioVersion = 10.0.40219.1
Project("{FAE04EC0-301F-11D3-BF4B-00C04F79EFBC}") = "TechifyyNew", "TechifyyNew\TechifyyNew.csproj", "{A55C9589-4EC8-49B1-8732-072101139DDD}"
EndProject
Global
	GlobalSection(SolutionConfigurationPlatforms) = preSolution
		Debug|Any CPU = Debug|Any CPU
		Release|Any CPU = Release|Any CPU
	EndGlobalSection
	GlobalSection(ProjectConfigurationPlatforms) = postSolution
		{A55C9589-4EC8-49B1-8732-072101139DDD}.Debug|Any CPU.ActiveCfg = Debug|Any CPU
		{A55C9589-4EC8-49B1-8732-072101139DDD}.Debug|Any CPU.Build.0 = Debug|Any CPU
		{A55C9589-4EC8-49B1-8732-072101139DDD}.Release|Any CPU.ActiveCfg = Release|Any CPU
		{A55C9589-4EC8-49B1-8732-072101139DDD}.Release|Any CPU.Build.0 = Release|Any CPU
	EndGlobalSection
	GlobalSection(SolutionProperties) = preSolution
		HideSolutionNode = FALSE
	EndGlobalSection
	GlobalSection(ExtensibilityGlobals) = postSolution
		SolutionGuid = {FDD167F6-6B71-4C52-9C08-FC13D8E00B27}
	EndGlobalSection
EndGlobal
